// !$*UTF8*$!
{
	archiveVersion = 1;
	classes = {
	};
	objectVersion = 56;
	objects = {

/* Begin PBXBuildFile section */
		D0AB78262BC570E400DA37A3 /* NetworkManager.swift in Sources */ = {isa = PBXBuildFile; fileRef = D0AB78252BC570E400DA37A3 /* NetworkManager.swift */; };
		D0AB78282BC5844A00DA37A3 /* NetworkConfiguration.swift in Sources */ = {isa = PBXBuildFile; fileRef = D0AB78272BC5844A00DA37A3 /* NetworkConfiguration.swift */; };
		D0AB782A2BC5867600DA37A3 /* NetworkError.swift in Sources */ = {isa = PBXBuildFile; fileRef = D0AB78292BC5867600DA37A3 /* NetworkError.swift */; };
		D0AB782D2BC592F000DA37A3 /* RAG.swift in Sources */ = {isa = PBXBuildFile; fileRef = D0AB782C2BC592F000DA37A3 /* RAG.swift */; };
		D0AB78302BC593DD00DA37A3 /* DatabaseManager.swift in Sources */ = {isa = PBXBuildFile; fileRef = D0AB782F2BC593DD00DA37A3 /* DatabaseManager.swift */; };
		D0C2EBD42BBD8F2400C752A0 /* RAGChatDemoApp.swift in Sources */ = {isa = PBXBuildFile; fileRef = D0C2EBD32BBD8F2400C752A0 /* RAGChatDemoApp.swift */; };
		D0C2EBD62BBD8F2400C752A0 /* RAGChatView.swift in Sources */ = {isa = PBXBuildFile; fileRef = D0C2EBD52BBD8F2400C752A0 /* RAGChatView.swift */; };
		D0C2EBD82BBD8F2500C752A0 /* Assets.xcassets in Resources */ = {isa = PBXBuildFile; fileRef = D0C2EBD72BBD8F2500C752A0 /* Assets.xcassets */; };
		D0C2EBDB2BBD8F2500C752A0 /* Preview Assets.xcassets in Resources */ = {isa = PBXBuildFile; fileRef = D0C2EBDA2BBD8F2500C752A0 /* Preview Assets.xcassets */; };
		D0C2EBE52BBD8FBD00C752A0 /* Chat.swift in Sources */ = {isa = PBXBuildFile; fileRef = D0C2EBE42BBD8FBD00C752A0 /* Chat.swift */; };
		D0C2EBE92BBD970600C752A0 /* ChatCell.swift in Sources */ = {isa = PBXBuildFile; fileRef = D0C2EBE82BBD970600C752A0 /* ChatCell.swift */; };
		D0C2EBEB2BBD979400C752A0 /* ChatView.swift in Sources */ = {isa = PBXBuildFile; fileRef = D0C2EBEA2BBD979400C752A0 /* ChatView.swift */; };
		D0C2EBEE2BBD987600C752A0 /* SwiftHelpers in Frameworks */ = {isa = PBXBuildFile; productRef = D0C2EBED2BBD987600C752A0 /* SwiftHelpers */; };
		D0C2EBF12BBD9B9000C752A0 /* ChatFooterViewViewModel.swift in Sources */ = {isa = PBXBuildFile; fileRef = D0C2EBF02BBD9B9000C752A0 /* ChatFooterViewViewModel.swift */; };
		D0C2EBF32BBEE35400C752A0 /* ChatFooterView.swift in Sources */ = {isa = PBXBuildFile; fileRef = D0C2EBF22BBEE35400C752A0 /* ChatFooterView.swift */; };
		D0C2EBF52BBEE3C000C752A0 /* ChatListView.swift in Sources */ = {isa = PBXBuildFile; fileRef = D0C2EBF42BBEE3C000C752A0 /* ChatListView.swift */; };
		D0C2EBF82BBEF90400C752A0 /* ModelContext+Extensions.swift in Sources */ = {isa = PBXBuildFile; fileRef = D0C2EBF72BBEF90400C752A0 /* ModelContext+Extensions.swift */; };
		D0C2EBFA2BBF074300C752A0 /* ChatSegmentControl.swift in Sources */ = {isa = PBXBuildFile; fileRef = D0C2EBF92BBF074300C752A0 /* ChatSegmentControl.swift */; };
		D0C2EBFC2BBF0A6B00C752A0 /* ChatSegmentControlViewModel.swift in Sources */ = {isa = PBXBuildFile; fileRef = D0C2EBFB2BBF0A6B00C752A0 /* ChatSegmentControlViewModel.swift */; };
		D0C2EC002BBF2D4D00C752A0 /* AppDefine.swift in Sources */ = {isa = PBXBuildFile; fileRef = D0C2EBFF2BBF2D4D00C752A0 /* AppDefine.swift */; };
		D0C2EC032BBFE9C400C752A0 /* Localizable.xcstrings in Resources */ = {isa = PBXBuildFile; fileRef = D0C2EC022BBFE9C400C752A0 /* Localizable.xcstrings */; };
		D0C2EC052BBFF0D500C752A0 /* Previews.swift in Sources */ = {isa = PBXBuildFile; fileRef = D0C2EC042BBFF0D500C752A0 /* Previews.swift */; };
/* End PBXBuildFile section */

/* Begin PBXFileReference section */
		D0AB78252BC570E400DA37A3 /* NetworkManager.swift */ = {isa = PBXFileReference; lastKnownFileType = sourcecode.swift; path = NetworkManager.swift; sourceTree = "<group>"; };
		D0AB78272BC5844A00DA37A3 /* NetworkConfiguration.swift */ = {isa = PBXFileReference; lastKnownFileType = sourcecode.swift; path = NetworkConfiguration.swift; sourceTree = "<group>"; };
		D0AB78292BC5867600DA37A3 /* NetworkError.swift */ = {isa = PBXFileReference; lastKnownFileType = sourcecode.swift; path = NetworkError.swift; sourceTree = "<group>"; };
		D0AB782C2BC592F000DA37A3 /* RAG.swift */ = {isa = PBXFileReference; lastKnownFileType = sourcecode.swift; path = RAG.swift; sourceTree = "<group>"; };
		D0AB782F2BC593DD00DA37A3 /* DatabaseManager.swift */ = {isa = PBXFileReference; lastKnownFileType = sourcecode.swift; path = DatabaseManager.swift; sourceTree = "<group>"; };
		D0C2EBD02BBD8F2400C752A0 /* RAGChatDemo.app */ = {isa = PBXFileReference; explicitFileType = wrapper.application; includeInIndex = 0; path = RAGChatDemo.app; sourceTree = BUILT_PRODUCTS_DIR; };
		D0C2EBD32BBD8F2400C752A0 /* RAGChatDemoApp.swift */ = {isa = PBXFileReference; lastKnownFileType = sourcecode.swift; path = RAGChatDemoApp.swift; sourceTree = "<group>"; };
		D0C2EBD52BBD8F2400C752A0 /* RAGChatView.swift */ = {isa = PBXFileReference; lastKnownFileType = sourcecode.swift; path = RAGChatView.swift; sourceTree = "<group>"; };
		D0C2EBD72BBD8F2500C752A0 /* Assets.xcassets */ = {isa = PBXFileReference; lastKnownFileType = folder.assetcatalog; path = Assets.xcassets; sourceTree = "<group>"; };
		D0C2EBDA2BBD8F2500C752A0 /* Preview Assets.xcassets */ = {isa = PBXFileReference; lastKnownFileType = folder.assetcatalog; path = "Preview Assets.xcassets"; sourceTree = "<group>"; };
		D0C2EBE42BBD8FBD00C752A0 /* Chat.swift */ = {isa = PBXFileReference; lastKnownFileType = sourcecode.swift; path = Chat.swift; sourceTree = "<group>"; };
		D0C2EBE82BBD970600C752A0 /* ChatCell.swift */ = {isa = PBXFileReference; lastKnownFileType = sourcecode.swift; path = ChatCell.swift; sourceTree = "<group>"; };
		D0C2EBEA2BBD979400C752A0 /* ChatView.swift */ = {isa = PBXFileReference; lastKnownFileType = sourcecode.swift; path = ChatView.swift; sourceTree = "<group>"; };
		D0C2EBF02BBD9B9000C752A0 /* ChatFooterViewViewModel.swift */ = {isa = PBXFileReference; lastKnownFileType = sourcecode.swift; path = ChatFooterViewViewModel.swift; sourceTree = "<group>"; };
		D0C2EBF22BBEE35400C752A0 /* ChatFooterView.swift */ = {isa = PBXFileReference; lastKnownFileType = sourcecode.swift; path = ChatFooterView.swift; sourceTree = "<group>"; };
		D0C2EBF42BBEE3C000C752A0 /* ChatListView.swift */ = {isa = PBXFileReference; lastKnownFileType = sourcecode.swift; path = ChatListView.swift; sourceTree = "<group>"; };
		D0C2EBF72BBEF90400C752A0 /* ModelContext+Extensions.swift */ = {isa = PBXFileReference; lastKnownFileType = sourcecode.swift; path = "ModelContext+Extensions.swift"; sourceTree = "<group>"; };
		D0C2EBF92BBF074300C752A0 /* ChatSegmentControl.swift */ = {isa = PBXFileReference; lastKnownFileType = sourcecode.swift; path = ChatSegmentControl.swift; sourceTree = "<group>"; };
		D0C2EBFB2BBF0A6B00C752A0 /* ChatSegmentControlViewModel.swift */ = {isa = PBXFileReference; lastKnownFileType = sourcecode.swift; path = ChatSegmentControlViewModel.swift; sourceTree = "<group>"; };
		D0C2EBFF2BBF2D4D00C752A0 /* AppDefine.swift */ = {isa = PBXFileReference; lastKnownFileType = sourcecode.swift; path = AppDefine.swift; sourceTree = "<group>"; };
		D0C2EC022BBFE9C400C752A0 /* Localizable.xcstrings */ = {isa = PBXFileReference; lastKnownFileType = text.json.xcstrings; path = Localizable.xcstrings; sourceTree = "<group>"; };
		D0C2EC042BBFF0D500C752A0 /* Previews.swift */ = {isa = PBXFileReference; lastKnownFileType = sourcecode.swift; path = Previews.swift; sourceTree = "<group>"; };
/* End PBXFileReference section */

/* Begin PBXFrameworksBuildPhase section */
		D0C2EBCD2BBD8F2400C752A0 /* Frameworks */ = {
			isa = PBXFrameworksBuildPhase;
			buildActionMask = 2147483647;
			files = (
				D0C2EBEE2BBD987600C752A0 /* SwiftHelpers in Frameworks */,
			);
			runOnlyForDeploymentPostprocessing = 0;
		};
/* End PBXFrameworksBuildPhase section */

/* Begin PBXGroup section */
		D0AB78232BC570B500DA37A3 /* Managers */ = {
			isa = PBXGroup;
			children = (
				D0AB782E2BC593C500DA37A3 /* Database */,
				D0AB78242BC570C300DA37A3 /* Network */,
			);
			path = Managers;
			sourceTree = "<group>";
		};
		D0AB78242BC570C300DA37A3 /* Network */ = {
			isa = PBXGroup;
			children = (
				D0AB782B2BC592D900DA37A3 /* APIs */,
				D0AB78252BC570E400DA37A3 /* NetworkManager.swift */,
				D0AB78272BC5844A00DA37A3 /* NetworkConfiguration.swift */,
				D0AB78292BC5867600DA37A3 /* NetworkError.swift */,
			);
			path = Network;
			sourceTree = "<group>";
		};
		D0AB782B2BC592D900DA37A3 /* APIs */ = {
			isa = PBXGroup;
			children = (
				D0AB782C2BC592F000DA37A3 /* RAG.swift */,
			);
			path = APIs;
			sourceTree = "<group>";
		};
		D0AB782E2BC593C500DA37A3 /* Database */ = {
			isa = PBXGroup;
			children = (
				D0AB782F2BC593DD00DA37A3 /* DatabaseManager.swift */,
			);
			path = Database;
			sourceTree = "<group>";
		};
		D0C2EBC72BBD8F2400C752A0 = {
			isa = PBXGroup;
			children = (
				D0C2EBD22BBD8F2400C752A0 /* RAGChatDemo */,
				D0C2EBD12BBD8F2400C752A0 /* Products */,
			);
			sourceTree = "<group>";
		};
		D0C2EBD12BBD8F2400C752A0 /* Products */ = {
			isa = PBXGroup;
			children = (
				D0C2EBD02BBD8F2400C752A0 /* RAGChatDemo.app */,
			);
			name = Products;
			sourceTree = "<group>";
		};
		D0C2EBD22BBD8F2400C752A0 /* RAGChatDemo */ = {
			isa = PBXGroup;
			children = (
				D0C2EBD32BBD8F2400C752A0 /* RAGChatDemoApp.swift */,
				D0C2EC012BBFE9A700C752A0 /* Localizables */,
				D0C2EBF62BBEF8E800C752A0 /* Extensions */,
				D0AB78232BC570B500DA37A3 /* Managers */,
				D0C2EBE32BBD8FAF00C752A0 /* Models */,
				D0C2EBEF2BBD9B5500C752A0 /* ViewModels */,
				D0C2EBE12BBD8F3A00C752A0 /* Views */,
				D0C2EBE22BBD8F4500C752A0 /* Resources */,
				D0C2EBD92BBD8F2500C752A0 /* Preview Content */,
			);
			path = RAGChatDemo;
			sourceTree = "<group>";
		};
		D0C2EBD92BBD8F2500C752A0 /* Preview Content */ = {
			isa = PBXGroup;
			children = (
				D0C2EBDA2BBD8F2500C752A0 /* Preview Assets.xcassets */,
			);
			path = "Preview Content";
			sourceTree = "<group>";
		};
		D0C2EBE12BBD8F3A00C752A0 /* Views */ = {
			isa = PBXGroup;
			children = (
				D0C2EBE62BBD96E300C752A0 /* Chat */,
				D0C2EBD52BBD8F2400C752A0 /* RAGChatView.swift */,
			);
			path = Views;
			sourceTree = "<group>";
		};
		D0C2EBE22BBD8F4500C752A0 /* Resources */ = {
			isa = PBXGroup;
			children = (
				D0C2EBD72BBD8F2500C752A0 /* Assets.xcassets */,
			);
			path = Resources;
			sourceTree = "<group>";
		};
		D0C2EBE32BBD8FAF00C752A0 /* Models */ = {
			isa = PBXGroup;
			children = (
				D0C2EBFF2BBF2D4D00C752A0 /* AppDefine.swift */,
				D0C2EBE42BBD8FBD00C752A0 /* Chat.swift */,
				D0C2EC042BBFF0D500C752A0 /* Previews.swift */,
			);
			path = Models;
			sourceTree = "<group>";
		};
		D0C2EBE62BBD96E300C752A0 /* Chat */ = {
			isa = PBXGroup;
			children = (
				D0C2EBE72BBD96F300C752A0 /* Components */,
			);
			path = Chat;
			sourceTree = "<group>";
		};
		D0C2EBE72BBD96F300C752A0 /* Components */ = {
			isa = PBXGroup;
			children = (
				D0C2EBE82BBD970600C752A0 /* ChatCell.swift */,
				D0C2EBF22BBEE35400C752A0 /* ChatFooterView.swift */,
				D0C2EBF42BBEE3C000C752A0 /* ChatListView.swift */,
				D0C2EBEA2BBD979400C752A0 /* ChatView.swift */,
				D0C2EBF92BBF074300C752A0 /* ChatSegmentControl.swift */,
			);
			path = Components;
			sourceTree = "<group>";
		};
		D0C2EBEF2BBD9B5500C752A0 /* ViewModels */ = {
			isa = PBXGroup;
			children = (
				D0C2EBF02BBD9B9000C752A0 /* ChatFooterViewViewModel.swift */,
				D0C2EBFB2BBF0A6B00C752A0 /* ChatSegmentControlViewModel.swift */,
			);
			path = ViewModels;
			sourceTree = "<group>";
		};
		D0C2EBF62BBEF8E800C752A0 /* Extensions */ = {
			isa = PBXGroup;
			children = (
				D0C2EBF72BBEF90400C752A0 /* ModelContext+Extensions.swift */,
			);
			path = Extensions;
			sourceTree = "<group>";
		};
		D0C2EC012BBFE9A700C752A0 /* Localizables */ = {
			isa = PBXGroup;
			children = (
				D0C2EC022BBFE9C400C752A0 /* Localizable.xcstrings */,
			);
			path = Localizables;
			sourceTree = "<group>";
		};
/* End PBXGroup section */

/* Begin PBXNativeTarget section */
		D0C2EBCF2BBD8F2400C752A0 /* RAGChatDemo */ = {
			isa = PBXNativeTarget;
			buildConfigurationList = D0C2EBDE2BBD8F2500C752A0 /* Build configuration list for PBXNativeTarget "RAGChatDemo" */;
			buildPhases = (
				D0C2EBCC2BBD8F2400C752A0 /* Sources */,
				D0C2EBCD2BBD8F2400C752A0 /* Frameworks */,
				D0C2EBCE2BBD8F2400C752A0 /* Resources */,
			);
			buildRules = (
			);
			dependencies = (
			);
			name = RAGChatDemo;
			packageProductDependencies = (
				D0C2EBED2BBD987600C752A0 /* SwiftHelpers */,
			);
			productName = RAGChatDemo;
			productReference = D0C2EBD02BBD8F2400C752A0 /* RAGChatDemo.app */;
			productType = "com.apple.product-type.application";
		};
/* End PBXNativeTarget section */

/* Begin PBXProject section */
		D0C2EBC82BBD8F2400C752A0 /* Project object */ = {
			isa = PBXProject;
			attributes = {
				BuildIndependentTargetsInParallel = 1;
				LastSwiftUpdateCheck = 1530;
				LastUpgradeCheck = 1530;
				TargetAttributes = {
					D0C2EBCF2BBD8F2400C752A0 = {
						CreatedOnToolsVersion = 15.3;
					};
				};
			};
			buildConfigurationList = D0C2EBCB2BBD8F2400C752A0 /* Build configuration list for PBXProject "RAGChatDemo" */;
			compatibilityVersion = "Xcode 14.0";
			developmentRegion = en;
			hasScannedForEncodings = 0;
			knownRegions = (
				en,
				Base,
				"zh-Hant",
			);
			mainGroup = D0C2EBC72BBD8F2400C752A0;
			packageReferences = (
				D0C2EBEC2BBD987600C752A0 /* XCRemoteSwiftPackageReference "SwiftHelpers" */,
			);
			productRefGroup = D0C2EBD12BBD8F2400C752A0 /* Products */;
			projectDirPath = "";
			projectRoot = "";
			targets = (
				D0C2EBCF2BBD8F2400C752A0 /* RAGChatDemo */,
			);
		};
/* End PBXProject section */

/* Begin PBXResourcesBuildPhase section */
		D0C2EBCE2BBD8F2400C752A0 /* Resources */ = {
			isa = PBXResourcesBuildPhase;
			buildActionMask = 2147483647;
			files = (
				D0C2EBDB2BBD8F2500C752A0 /* Preview Assets.xcassets in Resources */,
				D0C2EBD82BBD8F2500C752A0 /* Assets.xcassets in Resources */,
				D0C2EC032BBFE9C400C752A0 /* Localizable.xcstrings in Resources */,
			);
			runOnlyForDeploymentPostprocessing = 0;
		};
/* End PBXResourcesBuildPhase section */

/* Begin PBXSourcesBuildPhase section */
		D0C2EBCC2BBD8F2400C752A0 /* Sources */ = {
			isa = PBXSourcesBuildPhase;
			buildActionMask = 2147483647;
			files = (
				D0C2EBD62BBD8F2400C752A0 /* RAGChatView.swift in Sources */,
				D0AB782A2BC5867600DA37A3 /* NetworkError.swift in Sources */,
				D0C2EBE92BBD970600C752A0 /* ChatCell.swift in Sources */,
				D0C2EC002BBF2D4D00C752A0 /* AppDefine.swift in Sources */,
				D0C2EBF82BBEF90400C752A0 /* ModelContext+Extensions.swift in Sources */,
				D0C2EBF12BBD9B9000C752A0 /* ChatFooterViewViewModel.swift in Sources */,
				D0C2EC052BBFF0D500C752A0 /* Previews.swift in Sources */,
				D0C2EBEB2BBD979400C752A0 /* ChatView.swift in Sources */,
				D0AB78302BC593DD00DA37A3 /* DatabaseManager.swift in Sources */,
				D0C2EBFC2BBF0A6B00C752A0 /* ChatSegmentControlViewModel.swift in Sources */,
				D0C2EBF52BBEE3C000C752A0 /* ChatListView.swift in Sources */,
				D0C2EBFA2BBF074300C752A0 /* ChatSegmentControl.swift in Sources */,
				D0AB78262BC570E400DA37A3 /* NetworkManager.swift in Sources */,
				D0AB78282BC5844A00DA37A3 /* NetworkConfiguration.swift in Sources */,
				D0C2EBE52BBD8FBD00C752A0 /* Chat.swift in Sources */,
				D0C2EBD42BBD8F2400C752A0 /* RAGChatDemoApp.swift in Sources */,
				D0AB782D2BC592F000DA37A3 /* RAG.swift in Sources */,
				D0C2EBF32BBEE35400C752A0 /* ChatFooterView.swift in Sources */,
			);
			runOnlyForDeploymentPostprocessing = 0;
		};
/* End PBXSourcesBuildPhase section */

/* Begin XCBuildConfiguration section */
		D0C2EBDC2BBD8F2500C752A0 /* Debug */ = {
			isa = XCBuildConfiguration;
			buildSettings = {
				ALWAYS_SEARCH_USER_PATHS = NO;
				ASSETCATALOG_COMPILER_GENERATE_SWIFT_ASSET_SYMBOL_EXTENSIONS = YES;
				CLANG_ANALYZER_NONNULL = YES;
				CLANG_ANALYZER_NUMBER_OBJECT_CONVERSION = YES_AGGRESSIVE;
				CLANG_CXX_LANGUAGE_STANDARD = "gnu++20";
				CLANG_ENABLE_MODULES = YES;
				CLANG_ENABLE_OBJC_ARC = YES;
				CLANG_ENABLE_OBJC_WEAK = YES;
				CLANG_WARN_BLOCK_CAPTURE_AUTORELEASING = YES;
				CLANG_WARN_BOOL_CONVERSION = YES;
				CLANG_WARN_COMMA = YES;
				CLANG_WARN_CONSTANT_CONVERSION = YES;
				CLANG_WARN_DEPRECATED_OBJC_IMPLEMENTATIONS = YES;
				CLANG_WARN_DIRECT_OBJC_ISA_USAGE = YES_ERROR;
				CLANG_WARN_DOCUMENTATION_COMMENTS = YES;
				CLANG_WARN_EMPTY_BODY = YES;
				CLANG_WARN_ENUM_CONVERSION = YES;
				CLANG_WARN_INFINITE_RECURSION = YES;
				CLANG_WARN_INT_CONVERSION = YES;
				CLANG_WARN_NON_LITERAL_NULL_CONVERSION = YES;
				CLANG_WARN_OBJC_IMPLICIT_RETAIN_SELF = YES;
				CLANG_WARN_OBJC_LITERAL_CONVERSION = YES;
				CLANG_WARN_OBJC_ROOT_CLASS = YES_ERROR;
				CLANG_WARN_QUOTED_INCLUDE_IN_FRAMEWORK_HEADER = YES;
				CLANG_WARN_RANGE_LOOP_ANALYSIS = YES;
				CLANG_WARN_STRICT_PROTOTYPES = YES;
				CLANG_WARN_SUSPICIOUS_MOVE = YES;
				CLANG_WARN_UNGUARDED_AVAILABILITY = YES_AGGRESSIVE;
				CLANG_WARN_UNREACHABLE_CODE = YES;
				CLANG_WARN__DUPLICATE_METHOD_MATCH = YES;
				COPY_PHASE_STRIP = NO;
				DEBUG_INFORMATION_FORMAT = dwarf;
				ENABLE_STRICT_OBJC_MSGSEND = YES;
				ENABLE_TESTABILITY = YES;
				ENABLE_USER_SCRIPT_SANDBOXING = YES;
				GCC_C_LANGUAGE_STANDARD = gnu17;
				GCC_DYNAMIC_NO_PIC = NO;
				GCC_NO_COMMON_BLOCKS = YES;
				GCC_OPTIMIZATION_LEVEL = 0;
				GCC_PREPROCESSOR_DEFINITIONS = (
					"DEBUG=1",
					"$(inherited)",
				);
				GCC_WARN_64_TO_32_BIT_CONVERSION = YES;
				GCC_WARN_ABOUT_RETURN_TYPE = YES_ERROR;
				GCC_WARN_UNDECLARED_SELECTOR = YES;
				GCC_WARN_UNINITIALIZED_AUTOS = YES_AGGRESSIVE;
				GCC_WARN_UNUSED_FUNCTION = YES;
				GCC_WARN_UNUSED_VARIABLE = YES;
				IPHONEOS_DEPLOYMENT_TARGET = 17.4;
				LOCALIZATION_PREFERS_STRING_CATALOGS = YES;
				MTL_ENABLE_DEBUG_INFO = INCLUDE_SOURCE;
				MTL_FAST_MATH = YES;
				ONLY_ACTIVE_ARCH = YES;
				SDKROOT = iphoneos;
				SWIFT_ACTIVE_COMPILATION_CONDITIONS = "DEBUG $(inherited)";
				SWIFT_OPTIMIZATION_LEVEL = "-Onone";
			};
			name = Debug;
		};
		D0C2EBDD2BBD8F2500C752A0 /* Release */ = {
			isa = XCBuildConfiguration;
			buildSettings = {
				ALWAYS_SEARCH_USER_PATHS = NO;
				ASSETCATALOG_COMPILER_GENERATE_SWIFT_ASSET_SYMBOL_EXTENSIONS = YES;
				CLANG_ANALYZER_NONNULL = YES;
				CLANG_ANALYZER_NUMBER_OBJECT_CONVERSION = YES_AGGRESSIVE;
				CLANG_CXX_LANGUAGE_STANDARD = "gnu++20";
				CLANG_ENABLE_MODULES = YES;
				CLANG_ENABLE_OBJC_ARC = YES;
				CLANG_ENABLE_OBJC_WEAK = YES;
				CLANG_WARN_BLOCK_CAPTURE_AUTORELEASING = YES;
				CLANG_WARN_BOOL_CONVERSION = YES;
				CLANG_WARN_COMMA = YES;
				CLANG_WARN_CONSTANT_CONVERSION = YES;
				CLANG_WARN_DEPRECATED_OBJC_IMPLEMENTATIONS = YES;
				CLANG_WARN_DIRECT_OBJC_ISA_USAGE = YES_ERROR;
				CLANG_WARN_DOCUMENTATION_COMMENTS = YES;
				CLANG_WARN_EMPTY_BODY = YES;
				CLANG_WARN_ENUM_CONVERSION = YES;
				CLANG_WARN_INFINITE_RECURSION = YES;
				CLANG_WARN_INT_CONVERSION = YES;
				CLANG_WARN_NON_LITERAL_NULL_CONVERSION = YES;
				CLANG_WARN_OBJC_IMPLICIT_RETAIN_SELF = YES;
				CLANG_WARN_OBJC_LITERAL_CONVERSION = YES;
				CLANG_WARN_OBJC_ROOT_CLASS = YES_ERROR;
				CLANG_WARN_QUOTED_INCLUDE_IN_FRAMEWORK_HEADER = YES;
				CLANG_WARN_RANGE_LOOP_ANALYSIS = YES;
				CLANG_WARN_STRICT_PROTOTYPES = YES;
				CLANG_WARN_SUSPICIOUS_MOVE = YES;
				CLANG_WARN_UNGUARDED_AVAILABILITY = YES_AGGRESSIVE;
				CLANG_WARN_UNREACHABLE_CODE = YES;
				CLANG_WARN__DUPLICATE_METHOD_MATCH = YES;
				COPY_PHASE_STRIP = NO;
				DEBUG_INFORMATION_FORMAT = "dwarf-with-dsym";
				ENABLE_NS_ASSERTIONS = NO;
				ENABLE_STRICT_OBJC_MSGSEND = YES;
				ENABLE_USER_SCRIPT_SANDBOXING = YES;
				GCC_C_LANGUAGE_STANDARD = gnu17;
				GCC_NO_COMMON_BLOCKS = YES;
				GCC_WARN_64_TO_32_BIT_CONVERSION = YES;
				GCC_WARN_ABOUT_RETURN_TYPE = YES_ERROR;
				GCC_WARN_UNDECLARED_SELECTOR = YES;
				GCC_WARN_UNINITIALIZED_AUTOS = YES_AGGRESSIVE;
				GCC_WARN_UNUSED_FUNCTION = YES;
				GCC_WARN_UNUSED_VARIABLE = YES;
				IPHONEOS_DEPLOYMENT_TARGET = 17.4;
				LOCALIZATION_PREFERS_STRING_CATALOGS = YES;
				MTL_ENABLE_DEBUG_INFO = NO;
				MTL_FAST_MATH = YES;
				SDKROOT = iphoneos;
				SWIFT_COMPILATION_MODE = wholemodule;
				VALIDATE_PRODUCT = YES;
			};
			name = Release;
		};
		D0C2EBDF2BBD8F2500C752A0 /* Debug */ = {
			isa = XCBuildConfiguration;
			buildSettings = {
				ASSETCATALOG_COMPILER_APPICON_NAME = AppIcon;
				ASSETCATALOG_COMPILER_GLOBAL_ACCENT_COLOR_NAME = AccentColor;
				CODE_SIGN_STYLE = Automatic;
				CURRENT_PROJECT_VERSION = 1;
				DEVELOPMENT_ASSET_PATHS = "\"RAGChatDemo/Preview Content\"";
				DEVELOPMENT_TEAM = 23JEQ2524P;
				ENABLE_PREVIEWS = YES;
				GENERATE_INFOPLIST_FILE = YES;
				INFOPLIST_KEY_UIApplicationSceneManifest_Generation = YES;
				INFOPLIST_KEY_UIApplicationSupportsIndirectInputEvents = YES;
				INFOPLIST_KEY_UILaunchScreen_Generation = YES;
				INFOPLIST_KEY_UISupportedInterfaceOrientations_iPad = "UIInterfaceOrientationPortrait UIInterfaceOrientationPortraitUpsideDown UIInterfaceOrientationLandscapeLeft UIInterfaceOrientationLandscapeRight";
				INFOPLIST_KEY_UISupportedInterfaceOrientations_iPhone = "UIInterfaceOrientationPortrait UIInterfaceOrientationLandscapeLeft UIInterfaceOrientationLandscapeRight";
				LD_RUNPATH_SEARCH_PATHS = (
					"$(inherited)",
					"@executable_path/Frameworks",
				);
				MARKETING_VERSION = 1.0;
				PRODUCT_BUNDLE_IDENTIFIER = com.leoho.RAGChatDemo;
				PRODUCT_NAME = "$(TARGET_NAME)";
				SWIFT_EMIT_LOC_STRINGS = YES;
				SWIFT_VERSION = 5.0;
				TARGETED_DEVICE_FAMILY = "1,2";
			};
			name = Debug;
		};
		D0C2EBE02BBD8F2500C752A0 /* Release */ = {
			isa = XCBuildConfiguration;
			buildSettings = {
				ASSETCATALOG_COMPILER_APPICON_NAME = AppIcon;
				ASSETCATALOG_COMPILER_GLOBAL_ACCENT_COLOR_NAME = AccentColor;
				CODE_SIGN_STYLE = Automatic;
				CURRENT_PROJECT_VERSION = 1;
				DEVELOPMENT_ASSET_PATHS = "\"RAGChatDemo/Preview Content\"";
				DEVELOPMENT_TEAM = 23JEQ2524P;
				ENABLE_PREVIEWS = YES;
				GENERATE_INFOPLIST_FILE = YES;
				INFOPLIST_KEY_UIApplicationSceneManifest_Generation = YES;
				INFOPLIST_KEY_UIApplicationSupportsIndirectInputEvents = YES;
				INFOPLIST_KEY_UILaunchScreen_Generation = YES;
				INFOPLIST_KEY_UISupportedInterfaceOrientations_iPad = "UIInterfaceOrientationPortrait UIInterfaceOrientationPortraitUpsideDown UIInterfaceOrientationLandscapeLeft UIInterfaceOrientationLandscapeRight";
				INFOPLIST_KEY_UISupportedInterfaceOrientations_iPhone = "UIInterfaceOrientationPortrait UIInterfaceOrientationLandscapeLeft UIInterfaceOrientationLandscapeRight";
				LD_RUNPATH_SEARCH_PATHS = (
					"$(inherited)",
					"@executable_path/Frameworks",
				);
				MARKETING_VERSION = 1.0;
				PRODUCT_BUNDLE_IDENTIFIER = com.leoho.RAGChatDemo;
				PRODUCT_NAME = "$(TARGET_NAME)";
				SWIFT_EMIT_LOC_STRINGS = YES;
				SWIFT_VERSION = 5.0;
				TARGETED_DEVICE_FAMILY = "1,2";
			};
			name = Release;
		};
/* End XCBuildConfiguration section */

/* Begin XCConfigurationList section */
		D0C2EBCB2BBD8F2400C752A0 /* Build configuration list for PBXProject "RAGChatDemo" */ = {
			isa = XCConfigurationList;
			buildConfigurations = (
				D0C2EBDC2BBD8F2500C752A0 /* Debug */,
				D0C2EBDD2BBD8F2500C752A0 /* Release */,
			);
			defaultConfigurationIsVisible = 0;
			defaultConfigurationName = Release;
		};
		D0C2EBDE2BBD8F2500C752A0 /* Build configuration list for PBXNativeTarget "RAGChatDemo" */ = {
			isa = XCConfigurationList;
			buildConfigurations = (
				D0C2EBDF2BBD8F2500C752A0 /* Debug */,
				D0C2EBE02BBD8F2500C752A0 /* Release */,
			);
			defaultConfigurationIsVisible = 0;
			defaultConfigurationName = Release;
		};
/* End XCConfigurationList section */

/* Begin XCRemoteSwiftPackageReference section */
		D0C2EBEC2BBD987600C752A0 /* XCRemoteSwiftPackageReference "SwiftHelpers" */ = {
			isa = XCRemoteSwiftPackageReference;
			repositoryURL = "https://github.com/leoho0722/SwiftHelpers.git";
			requirement = {
				kind = upToNextMajorVersion;
				minimumVersion = 0.0.18;
			};
		};
/* End XCRemoteSwiftPackageReference section */

/* Begin XCSwiftPackageProductDependency section */
		D0C2EBED2BBD987600C752A0 /* SwiftHelpers */ = {
			isa = XCSwiftPackageProductDependency;
			package = D0C2EBEC2BBD987600C752A0 /* XCRemoteSwiftPackageReference "SwiftHelpers" */;
			productName = SwiftHelpers;
		};
/* End XCSwiftPackageProductDependency section */
	};
	rootObject = D0C2EBC82BBD8F2400C752A0 /* Project object */;
}
